{
    "_meta": {
        "hash": {
            "sha256": "d30ae2be5522da9456e8de271e142569ac721610d758bbec9c82494b814e5bda"
        },
        "pipfile-spec": 6,
        "requires": {
            "python_version": "3.11"
        },
        "sources": [
            {
                "name": "pypi",
                "url": "https://pypi.org/simple",
                "verify_ssl": true
            }
        ]
    },
    "default": {
        "pyside6": {
            "hashes": [
                "sha256:8103f14ed46a05e81acccbfc8388e3321e392fe54f3aa4a13336bd2ed8af5cd4",
                "sha256:d41dfcfa32c89502cdaa20206b7e2aba199072f94b424bc6a4d6f50b10f4eb5a",
                "sha256:d487eab0f9bfc5c9141b474093e16207ff48cd9335e6465a01deb8dff0693fbc",
                "sha256:f40917b7a0c5c7f0c7faaa87e66ffa3b58d9d1d3d977d30fc07e193b82dd6749"
            ],
            "index": "pypi",
            "markers": "python_version < '3.13' and python_version >= '3.8'",
            "version": "==6.6.0"
        },
        "pyside6-addons": {
            "hashes": [
                "sha256:5a63a8a943724ce5acd2df72e5ab04982b6906963278cbabb216656b9a26ee18",
                "sha256:7cb7af1b050c40f7ac891b0e61c758c1923863173932f5b92dc47bdfb4158b42",
                "sha256:a0982da4033319667f9df5ed6fa8eff300a88216aec103a1fff6751a172b19a0",
                "sha256:a223575c81e9a13173136c044c3447e25f6d656b462b4d71fc3c6bd9c935a709"
            ],
            "index": "pypi",
            "markers": "python_version < '3.13' and python_version >= '3.8'",
            "version": "==6.6.1"
        },
        "pyside6-essentials": {
            "hashes": [
                "sha256:0c8917b15236956957178a8c9854641b12b11dad79ba0caf26147119164c30cf",
                "sha256:13da926e9e9ee3e26e3f66883a9d5e43726ddee70cdabddca02a07aa1ccf9484",
                "sha256:a383c3d60298392cfb621ec1a0cf24b4799321e6c5bbafc021d4cc8076ea1315",
                "sha256:c7185616083eab6f42eaed598d97d49fac4f60ae2e7415194140d54f58c2b42c"
            ],
            "markers": "python_version < '3.13' and python_version >= '3.8'",
            "version": "==6.6.1"
        },
        "shiboken6": {
            "hashes": [
                "sha256:072c35c4fe46ec13b364d9dc47b055bb2277ee3aeaab18c23650280ec362f62a",
                "sha256:a605960e72af5eef915991cee7eef4cc72f5cabe63b9ae1a955ceb3d3b0a00b9",
                "sha256:d756fd1fa945b787e8eef142f2eb571da0b4c4dc2f2eec1a7c12a474a2cf84e4",
                "sha256:fb102e4bc210006f0cdd0ce38e1aaaaf792bd871f02a2b3f01d07922c5cf4c59"
            ],
            "markers": "python_version < '3.13' and python_version >= '3.8'",
            "version": "==6.6.1"
        }
    },
    "develop": {}
}
