{
    "_meta": {
        "hash": {
            "sha256": "d30ae2be5522da9456e8de271e142569ac721610d758bbec9c82494b814e5bda"
        },
        "pipfile-spec": 6,
        "requires": {
            "python_version": "3.11"
        },
        "sources": [
            {
                "name": "pypi",
                "url": "https://pypi.org/simple",
                "verify_ssl": true
            }
        ]
    },
    "default": {
        "pyside6": {
            "hashes": [
                "sha256:31f390c961b54067ae41360e5ea3b340ce0e0e5feadea2236c28226d3b37edcc",
                "sha256:5bf5153cab9484629315f57c56a9ad4b7d075b4dd275f828f7549abf712c590b",
                "sha256:722dc0061d8ef6dbb8c0b99864f21e83a5b49ece1ecb2d0b890840d969e1e461",
                "sha256:8e53e2357bfbdee1fa86c48312bf637460a2c26d49e7af0b3fae2e179ccc7052"
            ],
            "index": "pypi",
            "markers": "python_version < '3.14' and python_version >= '3.9'",
            "version": "==6.8.3"
        },
        "pyside6-addons": {
            "hashes": [
                "sha256:67548f6db11f4e1b7e4b6efd9c3fc2e8d275188a7b2feac388961128572a6955",
                "sha256:6983d3b01fad53637bad5360930d5923509c744cc39704f9c1190eb9934e33da",
                "sha256:7949a844a40ee10998eb2734e2c06c4c7182dfcd4c21cc4108a6b96655ebe59f",
                "sha256:ea46649e40b9e6ab11a0da2da054d3914bff5607a5882885e9c3bc2eef200036"
            ],
            "markers": "python_version < '3.14' and python_version >= '3.9'",
            "version": "==6.8.3"
        },
        "pyside6-essentials": {
            "hashes": [
                "sha256:3c0fae5550aff69f2166f46476c36e0ef56ce73d84829eac4559770b0c034b07",
                "sha256:aa56c135db924ecfaf50088baf32f737d28027419ca5fee67c0c7141b29184e3",
                "sha256:b4f4823f870b5bed477d6f7b6a3041839b859f70abfd703cf53208c73c2fe4cd",
                "sha256:fd57fa0c886ef99b3844173322c0023ec77cc946a0c9a0cdfbc2ac5c511053c1"
            ],
            "markers": "python_version < '3.14' and python_version >= '3.9'",
            "version": "==6.8.3"
        },
        "shiboken6": {
            "hashes": [
                "sha256:295a003466ca2cccf6660e2f2ceb5e6cef4af192a48a196a32d46b6f0c9ec5cb",
                "sha256:2b1a41348102952d2a5fbf3630bddd4d44112e18058b5e4cf505e51f2812429d",
                "sha256:483efc7dd53c69147b8a8ade71f7619c79ffc683efcb1dc4f4cb6c40bb23d29b",
                "sha256:bca3a94513ce9242f7d4bbdca902072a1631888e0aa3a8711a52cc5dbe93588f"
            ],
            "markers": "python_version < '3.14' and python_version >= '3.9'",
            "version": "==6.8.3"
        }
    },
    "develop": {}
}
