{
    "_meta": {
        "hash": {
            "sha256": "aafe059944a5b16ed3a988a3f8c5ad0fe5541025f54287174dff7faec7bfdcf7"
        },
        "pipfile-spec": 6,
        "requires": {
            "python_version": "3.9"
        },
        "sources": [
            {
                "name": "pypi",
                "url": "https://pypi.org/simple",
                "verify_ssl": true
            }
        ]
    },
    "default": {
        "pyside6": {
            "hashes": [
                "sha256:53dfb103064a80011ce80a36366e5828741a9980897b8b188a2cc59fd935aedc",
                "sha256:540bc870c7377511c473b7293d3ab2555a604dc64590b84af4203a3ead8f0f30",
                "sha256:f9162b1893291adb2ac9e7ecfdf8aefa59e4d1360056f2d892980d2a109513b6"
            ],
            "index": "pypi",
            "version": "==6.1.0"
        },
        "shiboken6": {
            "hashes": [
                "sha256:22375fdbe6719a97dc5122fabfcdbca28d77a2e85a82e36d9c0fb756616fc605",
                "sha256:840f0c7d8f1518953a0deceb5b1797a0843cb2966ea45a5d81f615e3d80c1fd2",
                "sha256:d49cd0ab4725c2fb3301adc64ebeabde5fea0e730db10bad5a6627f7ab5b6538"
            ],
            "markers": "python_version < '3.10' and python_version >= '3.6'",
            "version": "==6.1.0"
        }
    },
    "develop": {}
}
